
Microsoft Visual Studio Solution File, Format Version 12.00
# Visual Studio 15
VisualStudioVersion = 15.0.28010.2003
MinimumVisualStudioVersion = 10.0.40219.1
Project("{9A19103F-16F7-4668-BE54-9A1E7A4F7556}") = "DockerSample", "DockerSample\DockerSample.csproj", "{304DCA94-A8AF-496F-BB86-52C92C610D56}"
EndProject
Project("{9A19103F-16F7-4668-BE54-9A1E7A4F7556}") = "DockerSample.Dependency", "DockerSample.Dependency\DockerSample.Dependency.csproj", "{CECD6DF8-71DD-4A61-B5AB-620FCCA0654D}"
EndProject
Project("{2150E333-8FDC-42A3-9474-1A3956D46DE8}") = "Solution Items", "Solution Items", "{076B7A92-FFD9-470E-9D41-0CFF4A2CAC2E}"
	ProjectSection(SolutionItems) = preProject
		readme.md = readme.md
	EndProjectSection
EndProject
Global
	GlobalSection(SolutionConfigurationPlatforms) = preSolution
		Debug|Any CPU = Debug|Any CPU
		Release|Any CPU = Release|Any CPU
	EndGlobalSection
	GlobalSection(ProjectConfigurationPlatforms) = postSolution
		{304DCA94-A8AF-496F-BB86-52C92C610D56}.Debug|Any CPU.ActiveCfg = Debug|Any CPU
		{304DCA94-A8AF-496F-BB86-52C92C610D56}.Debug|Any CPU.Build.0 = Debug|Any CPU
		{304DCA94-A8AF-496F-BB86-52C92C610D56}.Release|Any CPU.ActiveCfg = Release|Any CPU
		{304DCA94-A8AF-496F-BB86-52C92C610D56}.Release|Any CPU.Build.0 = Release|Any CPU
		{CECD6DF8-71DD-4A61-B5AB-620FCCA0654D}.Debug|Any CPU.ActiveCfg = Debug|Any CPU
		{CECD6DF8-71DD-4A61-B5AB-620FCCA0654D}.Debug|Any CPU.Build.0 = Debug|Any CPU
		{CECD6DF8-71DD-4A61-B5AB-620FCCA0654D}.Release|Any CPU.ActiveCfg = Release|Any CPU
		{CECD6DF8-71DD-4A61-B5AB-620FCCA0654D}.Release|Any CPU.Build.0 = Release|Any CPU
	EndGlobalSection
	GlobalSection(SolutionProperties) = preSolution
		HideSolutionNode = FALSE
	EndGlobalSection
	GlobalSection(ExtensibilityGlobals) = postSolution
		SolutionGuid = {7436EA49-B250-4E0A-9749-A41CE3EDC7AC}
	EndGlobalSection
EndGlobal
